
Microsoft Visual Studio Solution File, Format Version 12.00
# Visual Studio Version 17
VisualStudioVersion = 17.11.35327.3
MinimumVisualStudioVersion = 10.0.40219.1
Project("{FAE04EC0-301F-11D3-BF4B-00C04F79EFBC}") = "ConsoleApp1", "ConsoleApp1\ConsoleApp1.csproj", "{FB9C9A9D-2EAF-47B6-B9B2-079A423CD41A}"
EndProject
Global
	GlobalSection(SolutionConfigurationPlatforms) = preSolution
		Debug|Any CPU = Debug|Any CPU
		Release|Any CPU = Release|Any CPU
	EndGlobalSection
	GlobalSection(ProjectConfigurationPlatforms) = postSolution
		{FB9C9A9D-2EAF-47B6-B9B2-079A423CD41A}.Debug|Any CPU.ActiveCfg = Debug|Any CPU
		{FB9C9A9D-2EAF-47B6-B9B2-079A423CD41A}.Debug|Any CPU.Build.0 = Debug|Any CPU
		{FB9C9A9D-2EAF-47B6-B9B2-079A423CD41A}.Release|Any CPU.ActiveCfg = Release|Any CPU
		{FB9C9A9D-2EAF-47B6-B9B2-079A423CD41A}.Release|Any CPU.Build.0 = Release|Any CPU
	EndGlobalSection
	GlobalSection(SolutionProperties) = preSolution
		HideSolutionNode = FALSE
	EndGlobalSection
	GlobalSection(ExtensibilityGlobals) = postSolution
		SolutionGuid = {46132421-5262-4F21-A997-DDA71E0E2249}
	EndGlobalSection
EndGlobal
